{
  "version": "4",
  "specifiers": {
    "npm:@supabase/auth-js@2.67.3": "2.67.3",
    "npm:@supabase/functions-js@2.4.4": "2.4.4",
    "npm:@supabase/functions-js@^2.4.4": "2.4.4",
    "npm:@supabase/node-fetch@2.6.15": "2.6.15",
    "npm:@supabase/postgrest-js@1.17.11": "1.17.11",
    "npm:@supabase/realtime-js@2.11.2": "2.11.2",
    "npm:@supabase/storage-js@2.7.1": "2.7.1",
    "npm:@supabase/supabase-js@^2.47.15": "2.47.15",
    "npm:supabase@^2.2.1": "2.6.8"
  },
  "npm": {
    "@isaacs/cliui@8.0.2": {
      "integrity": "sha512-O8jcjabXaleOG9DQ0+ARXWZBTfnP4WNAqzuiJK7ll44AmxGKv/J2M4TPjxjY3znBCfvBXFzucm1twdyFybFqEA==",
      "dependencies": [
        "string-width@5.1.2",
        "string-width-cjs@npm:string-width@4.2.3",
        "strip-ansi@7.1.0",
        "strip-ansi-cjs@npm:strip-ansi@6.0.1",
        "wrap-ansi@8.1.0",
        "wrap-ansi-cjs@npm:wrap-ansi@7.0.0"
      ]
    },
    "@isaacs/fs-minipass@4.0.1": {
      "integrity": "sha512-wgm9Ehl2jpeqP3zw/7mo3kRHFp5MEDhqAdwy1fTGkHAwnkGOVsgpvQhL8B5n1qlb01jV3n/bI0ZfZp5lWA1k4w==",
      "dependencies": [
        "minipass"
      ]
    },
    "@pkgjs/parseargs@0.11.0": {
      "integrity": "sha512-+1VkjdD0QBLPodGrJUeqarH8VAIvQODIbwh9XpP5Syisf7YoQgsJKPNFoqqLQlu+VQ/tVSshMR6loPMn8U+dPg=="
    },
    "@supabase/auth-js@2.67.3": {
      "integrity": "sha512-NJDaW8yXs49xMvWVOkSIr8j46jf+tYHV0wHhrwOaLLMZSFO4g6kKAf+MfzQ2RaD06OCUkUHIzctLAxjTgEVpzw==",
      "dependencies": [
        "@supabase/node-fetch"
      ]
    },
    "@supabase/functions-js@2.4.4": {
      "integrity": "sha512-WL2p6r4AXNGwop7iwvul2BvOtuJ1YQy8EbOd0dhG1oN1q8el/BIRSFCFnWAMM/vJJlHWLi4ad22sKbKr9mvjoA==",
      "dependencies": [
        "@supabase/node-fetch"
      ]
    },
    "@supabase/node-fetch@2.6.15": {
      "integrity": "sha512-1ibVeYUacxWYi9i0cf5efil6adJ9WRyZBLivgjs+AUpewx1F3xPi7gLgaASI2SmIQxPoCEjAsLAzKPgMJVgOUQ==",
      "dependencies": [
        "whatwg-url"
      ]
    },
    "@supabase/postgrest-js@1.17.11": {
      "integrity": "sha512-AOqqgQEhLVqzOMmA8Q0bxQFMfbozbjjQ1Tt4kprkstIKdRl4yZRaMdoVxFkCpU8ivmAe2xNfAVkNK+l16a9P0A==",
      "dependencies": [
        "@supabase/node-fetch"
      ]
    },
    "@supabase/realtime-js@2.11.2": {
      "integrity": "sha512-u/XeuL2Y0QEhXSoIPZZwR6wMXgB+RQbJzG9VErA3VghVt7uRfSVsjeqd7m5GhX3JR6dM/WRmLbVR8URpDWG4+w==",
      "dependencies": [
        "@supabase/node-fetch",
        "@types/phoenix",
        "@types/ws",
        "ws"
      ]
    },
    "@supabase/storage-js@2.7.1": {
      "integrity": "sha512-asYHcyDR1fKqrMpytAS1zjyEfvxuOIp1CIXX7ji4lHHcJKqyk+sLl/Vxgm4sN6u8zvuUtae9e4kDxQP2qrwWBA==",
      "dependencies": [
        "@supabase/node-fetch"
      ]
    },
    "@supabase/supabase-js@2.47.15": {
      "integrity": "sha512-Ufeqya/8L7Y1CDmpo7HquoHaF/MiRGHhnPE7Djz43ExL0hQnnrzUfu5bBeFXkzQ3uiuaA+fbGMaWlXaSbqKJ7g==",
      "dependencies": [
        "@supabase/auth-js",
        "@supabase/functions-js",
        "@supabase/node-fetch",
        "@supabase/postgrest-js",
        "@supabase/realtime-js",
        "@supabase/storage-js"
      ]
    },
    "@types/node@22.5.4": {
      "integrity": "sha512-FDuKUJQm/ju9fT/SeX/6+gBzoPzlVCzfzmGkwKvRHQVxi4BntVbyIwf6a4Xn62mrvndLiml6z/UBXIdEVjQLXg==",
      "dependencies": [
        "undici-types"
      ]
    },
    "@types/phoenix@1.6.6": {
      "integrity": "sha512-PIzZZlEppgrpoT2QgbnDU+MMzuR6BbCjllj0bM70lWoejMeNJAxCchxnv7J3XFkI8MpygtRpzXrIlmWUBclP5A=="
    },
    "@types/ws@8.5.13": {
      "integrity": "sha512-osM/gWBTPKgHV8XkTunnegTRIsvF6owmf5w+JtAfOw472dptdm0dlGv4xCt6GwQRcC2XVOvvRE/0bAoQcL2QkA==",
      "dependencies": [
        "@types/node"
      ]
    },
    "agent-base@7.1.3": {
      "integrity": "sha512-jRR5wdylq8CkOe6hei19GGZnxM6rBGwFl3Bg0YItGDimvjGtAvdZk4Pu6Cl4u4Igsws4a1fd1Vq3ezrhn4KmFw=="
    },
    "ansi-regex@5.0.1": {
      "integrity": "sha512-quJQXlTSUGL2LH9SUXo8VwsY4soanhgo6LNSm84E1LBcE8s3O0wpdiRzyR9z/ZZJMlMWv37qOOb9pdJlMUEKFQ=="
    },
    "ansi-regex@6.1.0": {
      "integrity": "sha512-7HSX4QQb4CspciLpVFwyRe79O3xsIZDDLER21kERQ71oaPodF8jL725AgJMFAYbooIqolJoRLuM81SpeUkpkvA=="
    },
    "ansi-styles@4.3.0": {
      "integrity": "sha512-zbB9rCJAT1rbjiVDb2hqKFHNYLxgtk8NURxZ3IZwD3F6NtxbXZQCnnSi1Lkx+IDohdPlFp222wVALIheZJQSEg==",
      "dependencies": [
        "color-convert"
      ]
    },
    "ansi-styles@6.2.1": {
      "integrity": "sha512-bN798gFfQX+viw3R7yrGWRqnrN2oRkEkUjjl4JNn4E8GxxbjtG3FbrEIIY3l8/hrwUwIeCZvi4QuOTP4MErVug=="
    },
    "balanced-match@1.0.2": {
      "integrity": "sha512-3oSeUO0TMV67hN1AmbXsK4yaqU7tjiHlbxRDZOpH0KW9+CeX4bRAaX0Anxt0tx2MrpRpWwQaPwIlISEJhYU5Pw=="
    },
    "bin-links@5.0.0": {
      "integrity": "sha512-sdleLVfCjBtgO5cNjA2HVRvWBJAHs4zwenaCPMNJAJU0yNxpzj80IpjOIimkpkr+mhlA+how5poQtt53PygbHA==",
      "dependencies": [
        "cmd-shim",
        "npm-normalize-package-bin",
        "proc-log",
        "read-cmd-shim",
        "write-file-atomic"
      ]
    },
    "brace-expansion@2.0.1": {
      "integrity": "sha512-XnAIvQ8eM+kC6aULx6wuQiwVsnzsi9d3WxzV3FpWTGA19F621kwdbsAcFKXgKUHZWsy+mY6iL1sHTxWEFCytDA==",
      "dependencies": [
        "balanced-match"
      ]
    },
    "chownr@3.0.0": {
      "integrity": "sha512-+IxzY9BZOQd/XuYPRmrvEVjF/nqj5kgT4kEq7VofrDoM1MxoRjEWkrCC3EtLi59TVawxTAn+orJwFQcrqEN1+g=="
    },
    "cmd-shim@7.0.0": {
      "integrity": "sha512-rtpaCbr164TPPh+zFdkWpCyZuKkjpAzODfaZCf/SVJZzJN+4bHQb/LP3Jzq5/+84um3XXY8r548XiWKSborwVw=="
    },
    "color-convert@2.0.1": {
      "integrity": "sha512-RRECPsj7iu/xb5oKYcsFHSppFNnsj/52OVTRKb4zP5onXwVF3zVmmToNcOfGC+CRDpfK/U584fMg38ZHCaElKQ==",
      "dependencies": [
        "color-name"
      ]
    },
    "color-name@1.1.4": {
      "integrity": "sha512-dOy+3AuW3a2wNbZHIuMZpTcgjGuLU/uBL/ubcZF9OXbDo8ff4O8yVp5Bf0efS8uEoYo5q4Fx7dY9OgQGXgAsQA=="
    },
    "cross-spawn@7.0.6": {
      "integrity": "sha512-uV2QOWP2nWzsy2aMp8aRibhi9dlzF5Hgh5SHaB9OiTGEyDTiJJyx0uy51QXdyWbtAHNua4XJzUKca3OzKUd3vA==",
      "dependencies": [
        "path-key",
        "shebang-command",
        "which"
      ]
    },
    "data-uri-to-buffer@4.0.1": {
      "integrity": "sha512-0R9ikRb668HB7QDxT1vkpuUBtqc53YyAwMwGeUFKRojY/NWKvdZ+9UYtRfGmhqNbRkTSVpMbmyhXipFFv2cb/A=="
    },
    "debug@4.4.0": {
      "integrity": "sha512-6WTZ/IxCY/T6BALoZHaE4ctp9xm+Z5kY/pzYaCHRFeyVhojxlrm+46y68HA6hr0TcwEssoxNiDEUJQjfPZ/RYA==",
      "dependencies": [
        "ms"
      ]
    },
    "eastasianwidth@0.2.0": {
      "integrity": "sha512-I88TYZWc9XiYHRQ4/3c5rjjfgkjhLyW2luGIheGERbNQ6OY7yTybanSpDXZa8y7VUP9YmDcYa+eyq4ca7iLqWA=="
    },
    "emoji-regex@8.0.0": {
      "integrity": "sha512-MSjYzcWNOA0ewAHpz0MxpYFvwg6yjy1NG3xteoqz644VCo/RPgnr1/GGt+ic3iJTzQ8Eu3TdM14SawnVUmGE6A=="
    },
    "emoji-regex@9.2.2": {
      "integrity": "sha512-L18DaJsXSUk2+42pv8mLs5jJT2hqFkFE4j21wOmgbUqsZ2hL72NsUU785g9RXgo3s0ZNgVl42TiHp3ZtOv/Vyg=="
    },
    "fetch-blob@3.2.0": {
      "integrity": "sha512-7yAQpD2UMJzLi1Dqv7qFYnPbaPx7ZfFK6PiIxQ4PfkGPyNyl2Ugx+a/umUonmKqjhM4DnfbMvdX6otXq83soQQ==",
      "dependencies": [
        "node-domexception",
        "web-streams-polyfill"
      ]
    },
    "foreground-child@3.3.0": {
      "integrity": "sha512-Ld2g8rrAyMYFXBhEqMz8ZAHBi4J4uS1i/CxGMDnjyFWddMXLVcDp051DZfu+t7+ab7Wv6SMqpWmyFIj5UbfFvg==",
      "dependencies": [
        "cross-spawn",
        "signal-exit"
      ]
    },
    "formdata-polyfill@4.0.10": {
      "integrity": "sha512-buewHzMvYL29jdeQTVILecSaZKnt/RJWjoZCF5OW60Z67/GmSLBkOFM7qh1PI3zFNtJbaZL5eQu1vLfazOwj4g==",
      "dependencies": [
        "fetch-blob"
      ]
    },
    "glob@10.4.5": {
      "integrity": "sha512-7Bv8RF0k6xjo7d4A/PxYLbUCfb6c+Vpd2/mB2yRDlew7Jb5hEXiCD9ibfO7wpk8i4sevK6DFny9h7EYbM3/sHg==",
      "dependencies": [
        "foreground-child",
        "jackspeak",
        "minimatch",
        "minipass",
        "package-json-from-dist",
        "path-scurry"
      ]
    },
    "https-proxy-agent@7.0.6": {
      "integrity": "sha512-vK9P5/iUfdl95AI+JVyUuIcVtd4ofvtrOr3HNtM2yxC9bnMbEdp3x01OhQNnjb8IJYi38VlTE3mBXwcfvywuSw==",
      "dependencies": [
        "agent-base",
        "debug"
      ]
    },
    "imurmurhash@0.1.4": {
      "integrity": "sha512-JmXMZ6wuvDmLiHEml9ykzqO6lwFbof0GG4IkcGaENdCRDDmMVnny7s5HsIgHCbaq0w2MyPhDqkhTUgS2LU2PHA=="
    },
    "is-fullwidth-code-point@3.0.0": {
      "integrity": "sha512-zymm5+u+sCsSWyD9qNaejV3DFvhCKclKdizYaJUuHA83RLjb7nSuGnddCHGv0hk+KY7BMAlsWeK4Ueg6EV6XQg=="
    },
    "isexe@2.0.0": {
      "integrity": "sha512-RHxMLp9lnKHGHRng9QFhRCMbYAcVpn69smSGcq3f36xjgVVWThj4qqLbTLlq7Ssj8B+fIQ1EuCEGI2lKsyQeIw=="
    },
    "jackspeak@3.4.3": {
      "integrity": "sha512-OGlZQpz2yfahA/Rd1Y8Cd9SIEsqvXkLVoSw/cgwhnhFMDbsQFeZYoJJ7bIZBS9BcamUW96asq/npPWugM+RQBw==",
      "dependencies": [
        "@isaacs/cliui",
        "@pkgjs/parseargs"
      ]
    },
    "lru-cache@10.4.3": {
      "integrity": "sha512-JNAzZcXrCt42VGLuYz0zfAzDfAvJWW6AfYlDBQyDV5DClI2m5sAmK+OIO7s59XfsRsWHp02jAJrRadPRGTt6SQ=="
    },
    "minimatch@9.0.5": {
      "integrity": "sha512-G6T0ZX48xgozx7587koeX9Ys2NYy6Gmv//P89sEte9V9whIapMNF4idKxnW2QtCcLiTWlb/wfCabAtAFWhhBow==",
      "dependencies": [
        "brace-expansion"
      ]
    },
    "minipass@7.1.2": {
      "integrity": "sha512-qOOzS1cBTWYF4BH8fVePDBOO9iptMnGUEZwNc/cMWnTV2nVLZ7VoNWEPHkYczZA0pdoA7dl6e7FL659nX9S2aw=="
    },
    "minizlib@3.0.1": {
      "integrity": "sha512-umcy022ILvb5/3Djuu8LWeqUa8D68JaBzlttKeMWen48SjabqS3iY5w/vzeMzMUNhLDifyhbOwKDSznB1vvrwg==",
      "dependencies": [
        "minipass",
        "rimraf"
      ]
    },
    "mkdirp@3.0.1": {
      "integrity": "sha512-+NsyUUAZDmo6YVHzL/stxSu3t9YS1iljliy3BSDrXJ/dkn1KYdmtZODGGjLcc9XLgVVpH4KshHB8XmZgMhaBXg=="
    },
    "ms@2.1.3": {
      "integrity": "sha512-6FlzubTLZG3J2a/NVCAleEhjzq5oxgHyaCU9yYXvcLsvoVaHJq/s5xXI6/XXP6tz7R9xAOtHnSO/tXtF3WRTlA=="
    },
    "node-domexception@1.0.0": {
      "integrity": "sha512-/jKZoMpw0F8GRwl4/eLROPA3cfcXtLApP0QzLmUT/HuPCZWyB7IY9ZrMeKw2O/nFIqPQB3PVM9aYm0F312AXDQ=="
    },
    "node-fetch@3.3.2": {
      "integrity": "sha512-dRB78srN/l6gqWulah9SrxeYnxeddIG30+GOqK/9OlLVyLg3HPnr6SqOWTWOXKRwC2eGYCkZ59NNuSgvSrpgOA==",
      "dependencies": [
        "data-uri-to-buffer",
        "fetch-blob",
        "formdata-polyfill"
      ]
    },
    "npm-normalize-package-bin@4.0.0": {
      "integrity": "sha512-TZKxPvItzai9kN9H/TkmCtx/ZN/hvr3vUycjlfmH0ootY9yFBzNOpiXAdIn1Iteqsvk4lQn6B5PTrt+n6h8k/w=="
    },
    "package-json-from-dist@1.0.1": {
      "integrity": "sha512-UEZIS3/by4OC8vL3P2dTXRETpebLI2NiI5vIrjaD/5UtrkFX/tNbwjTSRAGC/+7CAo2pIcBaRgWmcBBHcsaCIw=="
    },
    "path-key@3.1.1": {
      "integrity": "sha512-ojmeN0qd+y0jszEtoY48r0Peq5dwMEkIlCOu6Q5f41lfkswXuKtYrhgoTpLnyIcHm24Uhqx+5Tqm2InSwLhE6Q=="
    },
    "path-scurry@1.11.1": {
      "integrity": "sha512-Xa4Nw17FS9ApQFJ9umLiJS4orGjm7ZzwUrwamcGQuHSzDyth9boKDaycYdDcZDuqYATXw4HFXgaqWTctW/v1HA==",
      "dependencies": [
        "lru-cache",
        "minipass"
      ]
    },
    "proc-log@5.0.0": {
      "integrity": "sha512-Azwzvl90HaF0aCz1JrDdXQykFakSSNPaPoiZ9fm5qJIMHioDZEi7OAdRwSm6rSoPtY3Qutnm3L7ogmg3dc+wbQ=="
    },
    "read-cmd-shim@5.0.0": {
      "integrity": "sha512-SEbJV7tohp3DAAILbEMPXavBjAnMN0tVnh4+9G8ihV4Pq3HYF9h8QNez9zkJ1ILkv9G2BjdzwctznGZXgu/HGw=="
    },
    "rimraf@5.0.10": {
      "integrity": "sha512-l0OE8wL34P4nJH/H2ffoaniAokM2qSmrtXHmlpvYr5AVVX8msAyW0l8NVJFDxlSK4u3Uh/f41cQheDVdnYijwQ==",
      "dependencies": [
        "glob"
      ]
    },
    "shebang-command@2.0.0": {
      "integrity": "sha512-kHxr2zZpYtdmrN1qDjrrX/Z1rR1kG8Dx+gkpK1G4eXmvXswmcE1hTWBWYUzlraYw1/yZp6YuDY77YtvbN0dmDA==",
      "dependencies": [
        "shebang-regex"
      ]
    },
    "shebang-regex@3.0.0": {
      "integrity": "sha512-7++dFhtcx3353uBaq8DDR4NuxBetBzC7ZQOhmTQInHEd6bSrXdiEyzCvG07Z44UYdLShWUyXt5M/yhz8ekcb1A=="
    },
    "signal-exit@4.1.0": {
      "integrity": "sha512-bzyZ1e88w9O1iNJbKnOlvYTrWPDl46O1bG0D3XInv+9tkPrxrN8jUUTiFlDkkmKWgn1M6CfIA13SuGqOa9Korw=="
    },
    "string-width@4.2.3": {
      "integrity": "sha512-wKyQRQpjJ0sIp62ErSZdGsjMJWsap5oRNihHhu6G7JVO/9jIB6UyevL+tXuOqrng8j/cxKTWyWUwvSTriiZz/g==",
      "dependencies": [
        "emoji-regex@8.0.0",
        "is-fullwidth-code-point",
        "strip-ansi@6.0.1"
      ]
    },
    "string-width@5.1.2": {
      "integrity": "sha512-HnLOCR3vjcY8beoNLtcjZ5/nxn2afmME6lhrDrebokqMap+XbeW8n9TXpPDOqdGK5qcI3oT0GKTW6wC7EMiVqA==",
      "dependencies": [
        "eastasianwidth",
        "emoji-regex@9.2.2",
        "strip-ansi@7.1.0"
      ]
    },
    "strip-ansi@6.0.1": {
      "integrity": "sha512-Y38VPSHcqkFrCpFnQ9vuSXmquuv5oXOKpGeT6aGrr3o3Gc9AlVa6JBfUSOCnbxGGZF+/0ooI7KrPuUSztUdU5A==",
      "dependencies": [
        "ansi-regex@5.0.1"
      ]
    },
    "strip-ansi@7.1.0": {
      "integrity": "sha512-iq6eVVI64nQQTRYq2KtEg2d2uU7LElhTJwsH4YzIHZshxlgZms/wIc4VoDQTlG/IvVIrBKG06CrZnp0qv7hkcQ==",
      "dependencies": [
        "ansi-regex@6.1.0"
      ]
    },
    "supabase@2.6.8": {
      "integrity": "sha512-rgz9DVLso6LQ9VLKYXPDkvKgyFCYi6os1+3QS439yKkq4etbYn3KsedFBen0m4lgrHylBNL6W2qOB4+J/kgOLQ==",
      "dependencies": [
        "bin-links",
        "https-proxy-agent",
        "node-fetch",
        "tar"
      ]
    },
    "tar@7.4.3": {
      "integrity": "sha512-5S7Va8hKfV7W5U6g3aYxXmlPoZVAwUMy9AOKyF2fVuZa2UD3qZjg578OrLRt8PcNN1PleVaL/5/yYATNL0ICUw==",
      "dependencies": [
        "@isaacs/fs-minipass",
        "chownr",
        "minipass",
        "minizlib",
        "mkdirp",
        "yallist"
      ]
    },
    "tr46@0.0.3": {
      "integrity": "sha512-N3WMsuqV66lT30CrXNbEjx4GEwlow3v6rr4mCcv6prnfwhS01rkgyFdjPNBYd9br7LpXV1+Emh01fHnq2Gdgrw=="
    },
    "undici-types@6.19.8": {
      "integrity": "sha512-ve2KP6f/JnbPBFyobGHuerC9g1FYGn/F8n1LWTwNxCEzd6IfqTwUQcNXgEtmmQ6DlRrC1hrSrBnCZPokRrDHjw=="
    },
    "web-streams-polyfill@3.3.3": {
      "integrity": "sha512-d2JWLCivmZYTSIoge9MsgFCZrt571BikcWGYkjC1khllbTeDlGqZ2D8vD8E/lJa8WGWbb7Plm8/XJYV7IJHZZw=="
    },
    "webidl-conversions@3.0.1": {
      "integrity": "sha512-2JAn3z8AR6rjK8Sm8orRC0h/bcl/DqL7tRPdGZ4I1CjdF+EaMLmYxBHyXuKL849eucPFhvBoxMsflfOb8kxaeQ=="
    },
    "whatwg-url@5.0.0": {
      "integrity": "sha512-saE57nupxk6v3HY35+jzBwYa0rKSy0XR8JSxZPwgLr7ys0IBzhGviA1/TUGJLmSVqs8pb9AnvICXEuOHLprYTw==",
      "dependencies": [
        "tr46",
        "webidl-conversions"
      ]
    },
    "which@2.0.2": {
      "integrity": "sha512-BLI3Tl1TW3Pvl70l3yq3Y64i+awpwXqsGBYWkkqMtnbXgrMD+yj7rhW0kuEDxzJaYXGjEW5ogapKNMEKNMjibA==",
      "dependencies": [
        "isexe"
      ]
    },
    "wrap-ansi@7.0.0": {
      "integrity": "sha512-YVGIj2kamLSTxw6NsZjoBxfSwsn0ycdesmc4p+Q21c5zPuZ1pl+NfxVdxPtdHvmNVOQ6XSYG4AUtyt/Fi7D16Q==",
      "dependencies": [
        "ansi-styles@4.3.0",
        "string-width@4.2.3",
        "strip-ansi@6.0.1"
      ]
    },
    "wrap-ansi@8.1.0": {
      "integrity": "sha512-si7QWI6zUMq56bESFvagtmzMdGOtoxfR+Sez11Mobfc7tm+VkUckk9bW2UeffTGVUbOksxmSw0AA2gs8g71NCQ==",
      "dependencies": [
        "ansi-styles@6.2.1",
        "string-width@5.1.2",
        "strip-ansi@7.1.0"
      ]
    },
    "write-file-atomic@6.0.0": {
      "integrity": "sha512-GmqrO8WJ1NuzJ2DrziEI2o57jKAVIQNf8a18W3nCYU3H7PNWqCCVTeH6/NQE93CIllIgQS98rrmVkYgTX9fFJQ==",
      "dependencies": [
        "imurmurhash",
        "signal-exit"
      ]
    },
    "ws@8.18.0": {
      "integrity": "sha512-8VbfWfHLbbwu3+N6OKsOMpBdT4kXPDDB9cJk2bJ6mh9ucxdlnNvH1e+roYkKmN9Nxw2yjz7VzeO9oOz2zJ04Pw=="
    },
    "yallist@5.0.0": {
      "integrity": "sha512-YgvUTfwqyc7UXVMrB+SImsVYSmTS8X/tSrtdNZMImM+n7+QTriRXyXim0mBrTXNeqzVF0KWGgHPeiyViFFrNDw=="
    }
  },
  "redirects": {
    "https://deno.land/x/sift/mod.ts": "https://deno.land/x/sift@0.6.0/mod.ts"
  },
  "remote": {
    "https://cdn.skypack.dev/-/http-cache-semantics@v4.1.1-N0bWdwKGKLbWpVco6TJA/dist=es2019,mode=imports/optimized/http-cache-semantics.js": "d2b8a8ddda629c7a915c269ecad2ba761cacad5c6e21bbf34381def053702294",
    "https://cdn.skypack.dev/http-cache-semantics?dts": "351196d5e6d6b0cd41d8cfcc73f9a741532c8ac5ff1686a2c86d554a2a3dc993",
    "https://deno.land/std@0.118.0/_util/assert.ts": "2f868145a042a11d5ad0a3c748dcf580add8a0dbc0e876eaa0026303a5488f58",
    "https://deno.land/std@0.118.0/_util/os.ts": "dfb186cc4e968c770ab6cc3288bd65f4871be03b93beecae57d657232ecffcac",
    "https://deno.land/std@0.118.0/path/_constants.ts": "1247fee4a79b70c89f23499691ef169b41b6ccf01887a0abd131009c5581b853",
    "https://deno.land/std@0.118.0/path/_interface.ts": "1fa73b02aaa24867e481a48492b44f2598cd9dfa513c7b34001437007d3642e4",
    "https://deno.land/std@0.118.0/path/_util.ts": "2e06a3b9e79beaf62687196bd4b60a4c391d862cfa007a20fc3a39f778ba073b",
    "https://deno.land/std@0.118.0/path/common.ts": "f41a38a0719a1e85aa11c6ba3bea5e37c15dd009d705bd8873f94c833568cbc4",
    "https://deno.land/std@0.118.0/path/glob.ts": "ea87985765b977cc284b92771003b2070c440e0807c90e1eb0ff3e095911a820",
    "https://deno.land/std@0.118.0/path/mod.ts": "4465dc494f271b02569edbb4a18d727063b5dbd6ed84283ff906260970a15d12",
    "https://deno.land/std@0.118.0/path/posix.ts": "34349174b9cd121625a2810837a82dd8b986bbaaad5ade690d1de75bbb4555b2",
    "https://deno.land/std@0.118.0/path/separator.ts": "8fdcf289b1b76fd726a508f57d3370ca029ae6976fcde5044007f062e643ff1c",
    "https://deno.land/std@0.118.0/path/win32.ts": "11549e8c6df8307a8efcfa47ad7b2a75da743eac7d4c89c9723a944661c8bd2e",
    "https://deno.land/std@0.154.0/_deno_unstable.ts": "4ddb8672d49d58b5bbc4a5a7a2f1b3bce4fd06aa4c8b8476728334391667de7b",
    "https://deno.land/std@0.154.0/async/abortable.ts": "87aa7230be8360c24ad437212311c9e8d4328854baec27b4c7abb26e85515c06",
    "https://deno.land/std@0.154.0/async/deadline.ts": "48ac998d7564969f3e6ec6b6f9bf0217ebd00239b1b2292feba61272d5dd58d0",
    "https://deno.land/std@0.154.0/async/debounce.ts": "de5433bff08a2bb61416fc53b3bd2d5867090c8a815465e5b4a10a77495b1051",
    "https://deno.land/std@0.154.0/async/deferred.ts": "c01de44b9192359cebd3fe93273fcebf9e95110bf3360023917da9a2d1489fae",
    "https://deno.land/std@0.154.0/async/delay.ts": "d5a169caede8e1c5d46b3f25eab97db5fd1ab193fc82a53bafd3642ac42ca3c7",
    "https://deno.land/std@0.154.0/async/mod.ts": "dd0a8ed4f3984ffabe2fcca7c9f466b7932d57b1864ffee148a5d5388316db6b",
    "https://deno.land/std@0.154.0/async/mux_async_iterator.ts": "3447b28a2a582224a3d4d3596bccbba6e85040da3b97ed64012f7decce98d093",
    "https://deno.land/std@0.154.0/async/pool.ts": "ef9eb97b388543acbf0ac32647121e4dbe629236899586c4d4311a8770fbb239",
    "https://deno.land/std@0.154.0/async/tee.ts": "d27680d911816fcb3d231e16d690e7588079e66a9b2e5ce8cc354db94fdce95f",
    "https://deno.land/std@0.154.0/http/http_status.ts": "897575a7d6bc2b9123f6a38ecbc0f03d95a532c5d92029315dc9f508e12526b8",
    "https://deno.land/std@0.154.0/http/server.ts": "e2e16f0b124ffef022ad04797d4250d6e4fc0d9579780999091949b17789dd1a",
    "https://deno.land/x/httpcache@0.1.2/in_memory.ts": "9f7d2d1600f64934c45493bf300475f3edef8ca540da60f308bda32d30de849e",
    "https://deno.land/x/httpcache@0.1.2/mod.ts": "1247683a7e4f573759afb47709b2b5cd954986cfc4882ed7cc3a21b0e959be58",
    "https://deno.land/x/lru@1.0.2/mod.ts": "1d44b87c4d40ff33749ae5fd85fe234344e0dace835fdfeb48413edea9461159",
    "https://deno.land/x/media_types@v2.11.1/db.ts": "1eac2b1b57195e41d7e40d7b236a3adeb93b4fa18084b4c9db49144fe685c78d",
    "https://deno.land/x/media_types@v2.11.1/mod.ts": "1be09ec3626332f9fe52a8a9ede852bb76d2207f84bec1f1b16c10555478008f",
    "https://deno.land/x/sift@0.6.0/mod.ts": "d156582201226616af9c27cf93ee06610fc907700dcc09802e3741d2b14042bd",
    "https://esm.sh/preact-render-to-string@5.2.4?target=deno": "804b94a1658e70f6146656dead2c64c231deb71e42071a20d1afc8387e4eb042",
    "https://esm.sh/preact@10.10.6?target=deno": "c961e93d1c51fbc206cf929c8fb2db8378f2cc5c1cddbbafe39c5170e923b2af",
    "https://esm.sh/stable/preact@10.10.6/deno/preact.mjs": "8c7289f4add6fb4e6f9066a7f39b59e61254e32ed8204551b6499aed333921fb",
    "https://esm.sh/stable/preact@10.19.2/deno/preact.mjs": "9b863417f448f97ac87abfacac83319d4e9a1728ef364b867d7fa5218f7ea997",
    "https://esm.sh/stable/preact@10.24.3/deno/preact.mjs": "0c7c9b7201acc3afada99c88c94bee377a97c06f35a2a20f359dbabfe19aa0b1",
    "https://esm.sh/v135/preact-render-to-string@5.2.4/deno/preact-render-to-string.mjs": "de112bd2735b57df3f3b4446265dd8e5eb057c95f152af07b9efe89c2c4e6d59"
  },
  "workspace": {
    "dependencies": [
      "npm:@msgpack/msgpack@*",
      "npm:@supabase/supabase-js@*",
      "npm:react-dom@*",
      "npm:react@*",
      "npm:zod@*"
    ],
    "packageJson": {
      "dependencies": [
        "npm:@supabase/functions-js@^2.4.4",
        "npm:@supabase/supabase-js@^2.47.15",
        "npm:supabase@^2.2.1"
      ]
    }
  }
}
